{
  "originHash" : "78cd8c282e69f3a25c83564d617c51c7a10d204a0b7baadd31ea3cfca715f5f3",
  "pins" : [
    {
      "identity" : "navigationvalues",
      "kind" : "remoteSourceControl",
      "location" : "https://github.com/TStrawberry/NavigationValues",
      "state" : {
        "revision" : "0cfd8840736dbec9addb10d57edadc752817747d",
        "version" : "1.0.2"
      }
    },
    {
      "identity" : "swift-syntax",
      "kind" : "remoteSourceControl",
      "location" : "https://github.com/swiftlang/swift-syntax.git",
      "state" : {
        "revision" : "4799286537280063c85a32f09884cfbca301b1a1",
        "version" : "602.0.0"
      }
    }
  ],
  "version" : 3
}
